{
  "lockfileVersion" : 1,
  "requires" : true,
  "name" : "cumulus_com_wp",
  "dependencies" : {
    "detective" : {
      "integrity" : "sha512-6SsIx+nUUbuK0EthKjv0zrdnajCCXVYGmbYYiYjFVpzcjwEs\/JMDZ8tPRG29J\/HhN56t3GJp2cGSWDRjjot8Pg==",
      "resolved" : "https:\/\/registry.npmjs.org\/detective\/-\/detective-5.2.0.tgz",
      "requires" : {
        "defined" : "^1.0.0",
        "minimist" : "^1.1.1",
        "acorn-node" : "^1.6.1"
      },
      "dev" : true,
      "version" : "5.2.0"
    },
    "browser-resolve" : {
      "integrity" : "sha512-exDi1BYWB\/6raKHmDTCicQfTkqwN5fioMFV4j8BsfMU4R2DK\/QfZfK7kOVkmWCNANf0snkBzqGqAJBao9gZMdQ==",
      "resolved" : "https:\/\/registry.npmjs.org\/browser-resolve\/-\/browser-resolve-1.11.3.tgz",
      "requires" : {
        "resolve" : "1.1.7"
      },
      "dev" : true,
      "dependencies" : {
        "resolve" : {
          "integrity" : "sha1-IDEU2CrSxe2ejgQRs5ModeiJ6Xs=",
          "resolved" : "https:\/\/registry.npmjs.org\/resolve\/-\/resolve-1.1.7.tgz",
          "dev" : true,
          "version" : "1.1.7"
        }
      },
      "version" : "1.11.3"
    },
    "read-only-stream" : {
      "integrity" : "sha1-JyT9aoET1zdkrCiNQ4YnDB2\/F\/A=",
      "resolved" : "https:\/\/registry.npmjs.org\/read-only-stream\/-\/read-only-stream-2.0.0.tgz",
      "requires" : {
        "readable-stream" : "^2.0.2"
      },
      "dev" : true,
      "version" : "2.0.0"
    },
    "safe-buffer" : {
      "integrity" : "sha512-Gd2UZBJDkXlY7GbJxfsE8\/nvKkUEU1G38c1siN6QP6a9PT9MmHB8GnpscSmMJSoF8LOIrt8ud\/wPtojys4G6+g==",
      "resolved" : "https:\/\/registry.npmjs.org\/safe-buffer\/-\/safe-buffer-5.1.2.tgz",
      "dev" : true,
      "version" : "5.1.2"
    },
    "path-is-absolute" : {
      "integrity" : "sha1-F0uSaHNVNP+8es5r9TpanhtcX18=",
      "resolved" : "https:\/\/registry.npmjs.org\/path-is-absolute\/-\/path-is-absolute-1.0.1.tgz",
      "dev" : true,
      "version" : "1.0.1"
    },
    "randombytes" : {
      "integrity" : "sha512-vYl3iOX+4CKUWuxGi9Ukhie6fsqXqS9FE2Zaic4tNFD2N2QQaXOMFbuKK4QmDHC0JO6B1Zp41J0LpT0oR68amQ==",
      "resolved" : "https:\/\/registry.npmjs.org\/randombytes\/-\/randombytes-2.1.0.tgz",
      "requires" : {
        "safe-buffer" : "^5.1.0"
      },
      "dev" : true,
      "version" : "2.1.0"
    },
    "assert" : {
      "integrity" : "sha512-EDsgawzwoun2CZkCgtxJbv392v4nbk9XDD06zI+kQYoBM\/3RBWLlEyJARDOmhAAosBjWACEkKL6S+lIZtcAubA==",
      "resolved" : "https:\/\/registry.npmjs.org\/assert\/-\/assert-1.5.0.tgz",
      "requires" : {
        "object-assign" : "^4.1.1",
        "util" : "0.10.3"
      },
      "dev" : true,
      "dependencies" : {
        "util" : {
          "integrity" : "sha1-evsa\/lCAUkZInj23\/g7TeTNqwPk=",
          "resolved" : "https:\/\/registry.npmjs.org\/util\/-\/util-0.10.3.tgz",
          "requires" : {
            "inherits" : "2.0.1"
          },
          "dev" : true,
          "version" : "0.10.3"
        },
        "inherits" : {
          "integrity" : "sha1-sX0I0ya0Qj5Wjv9xn5GwscvfafE=",
          "resolved" : "https:\/\/registry.npmjs.org\/inherits\/-\/inherits-2.0.1.tgz",
          "dev" : true,
          "version" : "2.0.1"
        }
      },
      "version" : "1.5.0"
    },
    "jsonparse" : {
      "integrity" : "sha1-P02uSpH6wxX3EGL4UhzCOfE2YoA=",
      "resolved" : "https:\/\/registry.npmjs.org\/jsonparse\/-\/jsonparse-1.3.1.tgz",
      "dev" : true,
      "version" : "1.3.1"
    },
    "is-buffer" : {
      "integrity" : "sha512-NcdALwpXkTm5Zvvbk7owOUSvVvBKDgKP5\/ewfXEznmQFfs4ZRmanOeKBTjRVjka3QFoN6XJ+9F3USqfHqTaU5w==",
      "resolved" : "https:\/\/registry.npmjs.org\/is-buffer\/-\/is-buffer-1.1.6.tgz",
      "dev" : true,
      "version" : "1.1.6"
    },
    "v-lazy-image" : {
      "version" : "1.3.2",
      "resolved" : "https:\/\/registry.npmjs.org\/v-lazy-image\/-\/v-lazy-image-1.3.2.tgz",
      "integrity" : "sha512-yZYMLoy95S4K9mWE\/2DMZcwvaWnGiAHGXcKRruyrFvAdFm2fsnfyL0yj2UwXEGliNZO7I4mRy9\/RB7J4CT0HAQ=="
    },
    "des.js" : {
      "integrity" : "sha1-wHTS4qpqipoH29YfmhXCzYPsjsw=",
      "resolved" : "https:\/\/registry.npmjs.org\/des.js\/-\/des.js-1.0.0.tgz",
      "requires" : {
        "minimalistic-assert" : "^1.0.0",
        "inherits" : "^2.0.1"
      },
      "dev" : true,
      "version" : "1.0.0"
    },
    "cached-path-relative" : {
      "integrity" : "sha512-5r2GqsoEb4qMTTN9J+WzXfjov+hjxT+j3u5K+kIVNIwAd99DLCJE9pBIMP1qVeybV6JiijL385Oz0DcYxfbOIg==",
      "resolved" : "https:\/\/registry.npmjs.org\/cached-path-relative\/-\/cached-path-relative-1.0.2.tgz",
      "dev" : true,
      "version" : "1.0.2"
    },
    "bn.js" : {
      "integrity" : "sha512-ItfYfPLkWHUjckQCk8xC+LwxgK8NYcXywGigJgSwOP8Y2iyWT4f2vsZnoOXTTbo+o5yXmIUJ4gn5538SO5S3gA==",
      "resolved" : "https:\/\/registry.npmjs.org\/bn.js\/-\/bn.js-4.11.8.tgz",
      "dev" : true,
      "version" : "4.11.8"
    },
    "simple-concat" : {
      "integrity" : "sha1-c0TLuLbib7J9ZrL8hvn21Zl1IcY=",
      "resolved" : "https:\/\/registry.npmjs.org\/simple-concat\/-\/simple-concat-1.0.0.tgz",
      "dev" : true,
      "version" : "1.0.0"
    },
    "JSONStream" : {
      "integrity" : "sha512-E+iruNOY8VV9s4JEbe1aNEm6MiszPRr\/UfcHMz0TQh1BXSxHK+ASV1R6W4HpjBhSeS+54PIsAMCBmwD06LLsqQ==",
      "resolved" : "https:\/\/registry.npmjs.org\/JSONStream\/-\/JSONStream-1.3.5.tgz",
      "requires" : {
        "jsonparse" : "^1.2.0",
        "through" : ">=2.2.7 <3"
      },
      "dev" : true,
      "version" : "1.3.5"
    },
    "concat-map" : {
      "integrity" : "sha1-2Klr13\/Wjfd5OnMDajug1UBdR3s=",
      "resolved" : "https:\/\/registry.npmjs.org\/concat-map\/-\/concat-map-0.0.1.tgz",
      "dev" : true,
      "version" : "0.0.1"
    },
    "deps-sort" : {
      "integrity" : "sha1-CRckkC6EZYJg65EHSMzNGvbiH7U=",
      "resolved" : "https:\/\/registry.npmjs.org\/deps-sort\/-\/deps-sort-2.0.0.tgz",
      "requires" : {
        "JSONStream" : "^1.0.3",
        "shasum" : "^1.0.0",
        "through2" : "^2.0.0",
        "subarg" : "^1.0.0"
      },
      "dev" : true,
      "version" : "2.0.0"
    },
    "brace-expansion" : {
      "integrity" : "sha512-iCuPHDFgrHX7H2vEI\/5xpz07zSHB00TpugqhmYtVmMO6518mCuRMoOYFldEBl0g187ufozdaHgWKcYFb61qGiA==",
      "resolved" : "https:\/\/registry.npmjs.org\/brace-expansion\/-\/brace-expansion-1.1.11.tgz",
      "requires" : {
        "concat-map" : "0.0.1",
        "balanced-match" : "^1.0.0"
      },
      "dev" : true,
      "version" : "1.1.11"
    },
    "timers-browserify" : {
      "integrity" : "sha1-ycWLV1voQHN1y14kYtrO50NZ9B0=",
      "resolved" : "https:\/\/registry.npmjs.org\/timers-browserify\/-\/timers-browserify-1.4.2.tgz",
      "requires" : {
        "process" : "~0.11.0"
      },
      "dev" : true,
      "version" : "1.4.2"
    },
    "browserify" : {
      "integrity" : "sha512-zQt\/Gd1+W+IY+h\/xX2NYMW4orQWhqSwyV+xsblycTtpOuB27h1fZhhNQuipJ4t79ohw4P4mMem0jp\/ZkISQtjQ==",
      "resolved" : "https:\/\/registry.npmjs.org\/browserify\/-\/browserify-16.2.3.tgz",
      "requires" : {
        "vm-browserify" : "^1.0.0",
        "domain-browser" : "^1.2.0",
        "module-deps" : "^6.0.0",
        "inherits" : "~2.0.1",
        "shell-quote" : "^1.6.1",
        "subarg" : "^1.0.0",
        "mkdirp" : "^0.5.0",
        "insert-module-globals" : "^7.0.0",
        "assert" : "^1.4.0",
        "buffer" : "^5.0.2",
        "path-browserify" : "~0.0.0",
        "url" : "~0.11.0",
        "concat-stream" : "^1.6.0",
        "xtend" : "^4.0.0",
        "parents" : "^1.0.1",
        "stream-browserify" : "^2.0.0",
        "browser-resolve" : "^1.11.0",
        "tty-browserify" : "0.0.1",
        "process" : "~0.11.0",
        "stream-http" : "^2.0.0",
        "browserify-zlib" : "~0.2.0",
        "syntax-error" : "^1.1.1",
        "deps-sort" : "^2.0.0",
        "punycode" : "^1.3.2",
        "querystring-es3" : "~0.2.0",
        "cached-path-relative" : "^1.0.0",
        "timers-browserify" : "^1.0.1",
        "crypto-browserify" : "^3.0.0",
        "readable-stream" : "^2.0.2",
        "https-browserify" : "^1.0.0",
        "browser-pack" : "^6.0.1",
        "events" : "^2.0.0",
        "util" : "~0.10.1",
        "labeled-stream-splicer" : "^2.0.0",
        "glob" : "^7.1.0",
        "string_decoder" : "^1.1.1",
        "duplexer2" : "~0.1.2",
        "os-browserify" : "~0.3.0",
        "constants-browserify" : "~1.0.0",
        "JSONStream" : "^1.0.3",
        "resolve" : "^1.1.4",
        "shasum" : "^1.0.0",
        "through2" : "^2.0.0",
        "defined" : "^1.0.0",
        "console-browserify" : "^1.1.0",
        "htmlescape" : "^1.1.0",
        "read-only-stream" : "^2.0.0",
        "has" : "^1.0.0"
      },
      "dev" : true,
      "version" : "16.2.3"
    },
    "browserify-aes" : {
      "integrity" : "sha512-+7CHXqGuspUn\/Sl5aO7Ea0xWGAtETPXNSAjHo48JfLdPWcMng33Xe4znFvQweqc\/uzk5zSOI3H52CYnjCfb5hA==",
      "resolved" : "https:\/\/registry.npmjs.org\/browserify-aes\/-\/browserify-aes-1.2.0.tgz",
      "requires" : {
        "evp_bytestokey" : "^1.0.3",
        "safe-buffer" : "^5.0.1",
        "create-hash" : "^1.1.0",
        "cipher-base" : "^1.0.0",
        "inherits" : "^2.0.1",
        "buffer-xor" : "^1.0.3"
      },
      "dev" : true,
      "version" : "1.2.0"
    },
    "labeled-stream-splicer" : {
      "integrity" : "sha512-MC94mHZRvJ3LfykJlTUipBqenZz1pacOZEMhhQ8dMGcDHs0SBE5GbsavUXV7YtP3icBW17W0Zy1I0lfASmo9Pg==",
      "resolved" : "https:\/\/registry.npmjs.org\/labeled-stream-splicer\/-\/labeled-stream-splicer-2.0.1.tgz",
      "requires" : {
        "isarray" : "^2.0.4",
        "stream-splicer" : "^2.0.0",
        "inherits" : "^2.0.1"
      },
      "dev" : true,
      "dependencies" : {
        "isarray" : {
          "integrity" : "sha512-GMxXOiUirWg1xTKRipM0Ek07rX+ubx4nNVElTJdNLYmNO\/2YrDkgJGw9CljXn+r4EWiDQg\/8lsRdHyg2PJuUaA==",
          "resolved" : "https:\/\/registry.npmjs.org\/isarray\/-\/isarray-2.0.4.tgz",
          "dev" : true,
          "version" : "2.0.4"
        }
      },
      "version" : "2.0.1"
    },
    "array-filter" : {
      "integrity" : "sha1-fajPLiZijtcygDWB\/SH2fKzS7uw=",
      "resolved" : "https:\/\/registry.npmjs.org\/array-filter\/-\/array-filter-0.0.1.tgz",
      "dev" : true,
      "version" : "0.0.1"
    },
    "tty-browserify" : {
      "integrity" : "sha512-C3TaO7K81YvjCgQH9Q1S3R3P3BtN3RIM8n+OvX4il1K1zgE8ZhI0op7kClgkxtutIE8hQrcrHBXvIheqKUUCxw==",
      "resolved" : "https:\/\/registry.npmjs.org\/tty-browserify\/-\/tty-browserify-0.0.1.tgz",
      "dev" : true,
      "version" : "0.0.1"
    },
    "vm-browserify" : {
      "integrity" : "sha512-iq+S7vZJE60yejDYM0ek6zg308+UZsdtPExWP9VZoCFCz1zkJoXFnAX7aZfd\/ZwrkidzdUZL0C\/ryW+JwAiIGw==",
      "resolved" : "https:\/\/registry.npmjs.org\/vm-browserify\/-\/vm-browserify-1.1.0.tgz",
      "dev" : true,
      "version" : "1.1.0"
    },
    "ripemd160" : {
      "integrity" : "sha512-ii4iagi25WusVoiC4B4lq7pbXfAp3D9v5CwfkY33vffw2+pkDjY1D8GaN7spsxvCSx8dkPqOZCEZyfxcmJG2IA==",
      "resolved" : "https:\/\/registry.npmjs.org\/ripemd160\/-\/ripemd160-2.0.2.tgz",
      "requires" : {
        "inherits" : "^2.0.1",
        "hash-base" : "^3.0.0"
      },
      "dev" : true,
      "version" : "2.0.2"
    },
    "through2" : {
      "integrity" : "sha512-\/mrRod8xqpA+IHSLyGCQ2s8SPHiCDEeQJSep1jqLYeEUClOFG2Qsh+4FU6G9VeqpZnGW\/Su8LQGc4YKni5rYSQ==",
      "resolved" : "https:\/\/registry.npmjs.org\/through2\/-\/through2-2.0.5.tgz",
      "requires" : {
        "xtend" : "~4.0.1",
        "readable-stream" : "~2.3.6"
      },
      "dev" : true,
      "version" : "2.0.5"
    },
    "querystring" : {
      "integrity" : "sha1-sgmEkgO7Jd+CDadW50cAWHhSFiA=",
      "resolved" : "https:\/\/registry.npmjs.org\/querystring\/-\/querystring-0.2.0.tgz",
      "dev" : true,
      "version" : "0.2.0"
    },
    "function-bind" : {
      "integrity" : "sha512-yIovAzMX49sF8Yl58fSCWJ5svSLuaibPxXQJFLmBObTuCr0Mf1KiPopGM9NiFjiYBCbfaa2Fh6breQ6ANVTI0A==",
      "resolved" : "https:\/\/registry.npmjs.org\/function-bind\/-\/function-bind-1.1.1.tgz",
      "dev" : true,
      "version" : "1.1.1"
    },
    "util" : {
      "integrity" : "sha512-0Pm9hTQ3se5ll1XihRic3FDIku70C+iHUdT\/W926rSgHV5QgXsYbKZN8MSC3tJtSkhuROzvsQjAaFENRXr+19A==",
      "resolved" : "https:\/\/registry.npmjs.org\/util\/-\/util-0.10.4.tgz",
      "requires" : {
        "inherits" : "2.0.3"
      },
      "dev" : true,
      "version" : "0.10.4"
    },
    "miller-rabin" : {
      "integrity" : "sha512-115fLhvZVqWwHPbClyntxEVfVDfl9DLLTuJvq3g2O\/Oxi8AiNouAHvDSzHS0viUJc+V5vm3eq91Xwqn9dp4jRA==",
      "resolved" : "https:\/\/registry.npmjs.org\/miller-rabin\/-\/miller-rabin-4.0.1.tgz",
      "requires" : {
        "bn.js" : "^4.0.0",
        "brorand" : "^1.0.1"
      },
      "dev" : true,
      "version" : "4.0.1"
    },
    "umd" : {
      "integrity" : "sha512-4IcGSufhFshvLNcMCV80UnQVlZ5pMOC8mvNPForqwA4+lzYQuetTESLDQkeLmihq8bRcnpbQa48Wb8Lh16\/xow==",
      "resolved" : "https:\/\/registry.npmjs.org\/umd\/-\/umd-3.0.3.tgz",
      "dev" : true,
      "version" : "3.0.3"
    },
    "https-browserify" : {
      "integrity" : "sha1-7AbBDgo0wPL68Zn3\/X\/Hj\/\/QPHM=",
      "resolved" : "https:\/\/registry.npmjs.org\/https-browserify\/-\/https-browserify-1.0.0.tgz",
      "dev" : true,
      "version" : "1.0.0"
    },
    "minimatch" : {
      "integrity" : "sha512-yJHVQEhyqPLUTgt9B83PXu6W3rx4MvvHvSUvToogpwoGDOUQ+yDrR0HRot+yOCdCO7u4hX3pWft6kWBBcqh0UA==",
      "resolved" : "https:\/\/registry.npmjs.org\/minimatch\/-\/minimatch-3.0.4.tgz",
      "requires" : {
        "brace-expansion" : "^1.1.7"
      },
      "dev" : true,
      "version" : "3.0.4"
    },
    "acorn-dynamic-import" : {
      "integrity" : "sha512-d3OEjQV4ROpoflsnUA8HozoIR504TFxNivYEUi6uwz0IYhBkTDXGuWlNdMtybRt3nqVx\/L6XqMt0FxkXuWKZhw==",
      "resolved" : "https:\/\/registry.npmjs.org\/acorn-dynamic-import\/-\/acorn-dynamic-import-4.0.0.tgz",
      "dev" : true,
      "version" : "4.0.0"
    },
    "browserify-rsa" : {
      "integrity" : "sha1-IeCr+vbyApzy+vsTNWenAdQTVSQ=",
      "resolved" : "https:\/\/registry.npmjs.org\/browserify-rsa\/-\/browserify-rsa-4.0.1.tgz",
      "requires" : {
        "bn.js" : "^4.1.0",
        "randombytes" : "^2.0.1"
      },
      "dev" : true,
      "version" : "4.0.1"
    },
    "browserify-sign" : {
      "integrity" : "sha1-qk62jl17ZYuqa\/alfmMMvXqT0pg=",
      "resolved" : "https:\/\/registry.npmjs.org\/browserify-sign\/-\/browserify-sign-4.0.4.tgz",
      "requires" : {
        "browserify-rsa" : "^4.0.0",
        "bn.js" : "^4.1.1",
        "create-hash" : "^1.1.0",
        "inherits" : "^2.0.1",
        "parse-asn1" : "^5.0.0",
        "elliptic" : "^6.0.0",
        "create-hmac" : "^1.1.2"
      },
      "dev" : true,
      "version" : "4.0.4"
    },
    "crypto-browserify" : {
      "integrity" : "sha512-fz4spIh+znjO2VjL+IdhEpRJ3YN6sMzITSBijk6FK2UvTqruSQW+\/cCZTSNsMiZNvUeq0CqurF+dAbyiGOY6Wg==",
      "resolved" : "https:\/\/registry.npmjs.org\/crypto-browserify\/-\/crypto-browserify-3.12.0.tgz",
      "requires" : {
        "pbkdf2" : "^3.0.3",
        "browserify-cipher" : "^1.0.0",
        "create-hash" : "^1.1.0",
        "public-encrypt" : "^4.0.0",
        "inherits" : "^2.0.1",
        "diffie-hellman" : "^5.0.0",
        "browserify-sign" : "^4.0.0",
        "randomfill" : "^1.0.3",
        "randombytes" : "^2.0.0",
        "create-ecdh" : "^4.0.0",
        "create-hmac" : "^1.1.0"
      },
      "dev" : true,
      "version" : "3.12.0"
    },
    "insert-module-globals" : {
      "integrity" : "sha512-VE6NlW+WGn2\/AeOMd496AHFYmE7eLKkUY6Ty31k4og5vmA3Fjuwe9v6ifH6Xx\/Hz27QvdoMoviw1\/pqWRB09Sw==",
      "resolved" : "https:\/\/registry.npmjs.org\/insert-module-globals\/-\/insert-module-globals-7.2.0.tgz",
      "requires" : {
        "combine-source-map" : "^0.8.0",
        "through2" : "^2.0.0",
        "acorn-node" : "^1.5.2",
        "JSONStream" : "^1.0.3",
        "path-is-absolute" : "^1.0.1",
        "xtend" : "^4.0.0",
        "undeclared-identifiers" : "^1.1.2",
        "is-buffer" : "^1.1.0",
        "concat-stream" : "^1.6.1",
        "process" : "~0.11.0"
      },
      "dev" : true,
      "version" : "7.2.0"
    },
    "path-platform" : {
      "integrity" : "sha1-6GQhf3TDaFDwhSt43Hv31KVyG\/I=",
      "resolved" : "https:\/\/registry.npmjs.org\/path-platform\/-\/path-platform-0.11.15.tgz",
      "dev" : true,
      "version" : "0.11.15"
    },
    "vue" : {
      "version" : "2.6.10",
      "resolved" : "https:\/\/registry.npmjs.org\/vue\/-\/vue-2.6.10.tgz",
      "integrity" : "sha512-ImThpeNU9HbdZL3utgMCq0oiMzAkt1mcgy3\/E6zWC\/G6AaQoeuFdsl9nDhTDU3X1R6FK7nsIUuRACVcjI+A2GQ=="
    },
    "browserify-des" : {
      "integrity" : "sha512-BioO1xf3hFwz4kc6iBhI3ieDFompMhrMlnDFC4\/0\/vd5MokpuAc3R+LYbwTA9A5Yc9pq9UYPqffKpW2ObuwX5A==",
      "resolved" : "https:\/\/registry.npmjs.org\/browserify-des\/-\/browserify-des-1.0.2.tgz",
      "requires" : {
        "safe-buffer" : "^5.1.2",
        "cipher-base" : "^1.0.1",
        "des.js" : "^1.0.0",
        "inherits" : "^2.0.1"
      },
      "dev" : true,
      "version" : "1.0.2"
    },
    "concat-stream" : {
      "integrity" : "sha512-27HBghJxjiZtIk3Ycvn\/4kbJk\/1uZuJFfuPEns6LaEvpvG1f0hTea8lilrouyo9mVc2GWdcEZ8OLoGmSADlrCw==",
      "resolved" : "https:\/\/registry.npmjs.org\/concat-stream\/-\/concat-stream-1.6.2.tgz",
      "requires" : {
        "typedarray" : "^0.0.6",
        "buffer-from" : "^1.0.0",
        "readable-stream" : "^2.2.2",
        "inherits" : "^2.0.3"
      },
      "dev" : true,
      "version" : "1.6.2"
    },
    "jquery" : {
      "version" : "3.4.1",
      "resolved" : "https:\/\/registry.npmjs.org\/jquery\/-\/jquery-3.4.1.tgz",
      "integrity" : "sha512-36+AdBzCL+y6qjw5Tx7HgzeGCzC81MDDgaUP8ld2zhx58HdqXGoBd+tHdrBMiyjGQs0Hxs\/MLZTu\/eHNJJuWPw=="
    },
    "balanced-match" : {
      "integrity" : "sha1-ibTRmasr7kneFk6gK4nORi1xt2c=",
      "resolved" : "https:\/\/registry.npmjs.org\/balanced-match\/-\/balanced-match-1.0.0.tgz",
      "dev" : true,
      "version" : "1.0.0"
    },
    "os-browserify" : {
      "integrity" : "sha1-hUNzx\/XCMVkU\/Jv8a9gjj92h7Cc=",
      "resolved" : "https:\/\/registry.npmjs.org\/os-browserify\/-\/os-browserify-0.3.0.tgz",
      "dev" : true,
      "version" : "0.3.0"
    },
    "scrollmonitor" : {
      "version" : "1.2.4",
      "resolved" : "https:\/\/registry.npmjs.org\/scrollmonitor\/-\/scrollmonitor-1.2.4.tgz",
      "integrity" : "sha512-HBQpeZVAYETbNk0DAmi+X4hdTQMk5WRa\/Udez9o8yC8GcRiPDgBxyEdV9g9Su\/TWOuUeVfVGfNcyboEyzkte4Q=="
    },
    "buffer-xor" : {
      "integrity" : "sha1-JuYe0UIvtw3ULm42cp7VHYVf6Nk=",
      "resolved" : "https:\/\/registry.npmjs.org\/buffer-xor\/-\/buffer-xor-1.0.3.tgz",
      "dev" : true,
      "version" : "1.0.3"
    },
    "builtin-status-codes" : {
      "integrity" : "sha1-hZgoeOIbmOHGZCXgPQF0eI9Wnug=",
      "resolved" : "https:\/\/registry.npmjs.org\/builtin-status-codes\/-\/builtin-status-codes-3.0.0.tgz",
      "dev" : true,
      "version" : "3.0.0"
    },
    "defined" : {
      "integrity" : "sha1-yY2bzvdWdBiOEQlpFRGZ45sfppM=",
      "resolved" : "https:\/\/registry.npmjs.org\/defined\/-\/defined-1.0.0.tgz",
      "dev" : true,
      "version" : "1.0.0"
    },
    "events" : {
      "integrity" : "sha512-3Zmiobend8P9DjmKAty0Era4jV8oJ0yGYe2nJJAxgymF9+N8F2m0hhZiMoWtcfepExzNKZumFU3ksdQbInGWCg==",
      "resolved" : "https:\/\/registry.npmjs.org\/events\/-\/events-2.1.0.tgz",
      "dev" : true,
      "version" : "2.1.0"
    },
    "array-map" : {
      "integrity" : "sha1-iKK6tz0c97zVwbEYoAP2b2ZfpmI=",
      "resolved" : "https:\/\/registry.npmjs.org\/array-map\/-\/array-map-0.0.0.tgz",
      "dev" : true,
      "version" : "0.0.0"
    },
    "parse-asn1" : {
      "integrity" : "sha512-Qs5duJcuvNExRfFZ99HDD3z4mAi3r9Wl\/FOjEOijlxwCZs7E7mW2vjTpgQ4J8LpTF8x5v+1Vn5UQFejmWT11aw==",
      "resolved" : "https:\/\/registry.npmjs.org\/parse-asn1\/-\/parse-asn1-5.1.4.tgz",
      "requires" : {
        "asn1.js" : "^4.0.0",
        "evp_bytestokey" : "^1.0.0",
        "pbkdf2" : "^3.0.3",
        "create-hash" : "^1.1.0",
        "browserify-aes" : "^1.0.0",
        "safe-buffer" : "^5.1.1"
      },
      "dev" : true,
      "version" : "5.1.4"
    },
    "to-arraybuffer" : {
      "integrity" : "sha1-fSKbH8xjfkZsoIEYCDanqr\/4P0M=",
      "resolved" : "https:\/\/registry.npmjs.org\/to-arraybuffer\/-\/to-arraybuffer-1.0.1.tgz",
      "dev" : true,
      "version" : "1.0.1"
    },
    "parents" : {
      "integrity" : "sha1-\/t1NK\/GTp3dF\/nHjcdc8MwfZx1E=",
      "resolved" : "https:\/\/registry.npmjs.org\/parents\/-\/parents-1.0.1.tgz",
      "requires" : {
        "path-platform" : "~0.11.15"
      },
      "dev" : true,
      "version" : "1.0.1"
    },
    "subarg" : {
      "integrity" : "sha1-9izxdYHplrSPyWVpn1TAauJouNI=",
      "resolved" : "https:\/\/registry.npmjs.org\/subarg\/-\/subarg-1.0.0.tgz",
      "requires" : {
        "minimist" : "^1.1.0"
      },
      "dev" : true,
      "version" : "1.0.0"
    },
    "buffer-from" : {
      "integrity" : "sha512-MQcXEUbCKtEo7bhqEs6560Hyd4XaovZlO\/k9V3hjVUF\/zwW7KBVdSK4gIt\/bzwS9MbR5qob+F5jusZsb0YQK2A==",
      "resolved" : "https:\/\/registry.npmjs.org\/buffer-from\/-\/buffer-from-1.1.1.tgz",
      "dev" : true,
      "version" : "1.1.1"
    },
    "browserify-zlib" : {
      "integrity" : "sha512-Z942RysHXmJrhqk88FmKBVq\/v5tqmSkDz7p54G\/MGyjMnCFFnC79XWNbg+Vta8W6Wb2qtSZTSxIGkJrRpCFEiA==",
      "resolved" : "https:\/\/registry.npmjs.org\/browserify-zlib\/-\/browserify-zlib-0.2.0.tgz",
      "requires" : {
        "pako" : "~1.0.5"
      },
      "dev" : true,
      "version" : "0.2.0"
    },
    "buffer" : {
      "integrity" : "sha512-c+Ko0loDaFfuPWiL02ls9Xd3GO3cPVmUobQ6t3rXNUk304u6hGq+8N\/kFi+QEIKhzK3uwolVhLzszmfLmMLnqg==",
      "resolved" : "https:\/\/registry.npmjs.org\/buffer\/-\/buffer-5.2.1.tgz",
      "requires" : {
        "base64-js" : "^1.0.2",
        "ieee754" : "^1.1.4"
      },
      "dev" : true,
      "version" : "5.2.1"
    },
    "minimalistic-assert" : {
      "integrity" : "sha512-UtJcAD4yEaGtjPezWuO9wC4nwUnVH\/8\/Im3yEHQP4b67cXlD\/Qr9hdITCU1xDbSEXg2XKNaP8jsReV7vQd00\/A==",
      "resolved" : "https:\/\/registry.npmjs.org\/minimalistic-assert\/-\/minimalistic-assert-1.0.1.tgz",
      "dev" : true,
      "version" : "1.0.1"
    },
    "path-browserify" : {
      "integrity" : "sha512-BapA40NHICOS+USX9SN4tyhq+A2RrN\/Ws5F0Z5aMHDp98Fl86lX8Oti8B7uN93L4Ifv4fHOEA+pQw87gmMO\/lQ==",
      "resolved" : "https:\/\/registry.npmjs.org\/path-browserify\/-\/path-browserify-0.0.1.tgz",
      "dev" : true,
      "version" : "0.0.1"
    },
    "has" : {
      "integrity" : "sha512-f2dvO0VU6Oej7RkWJGrehjbzMAjFp5\/VKPp5tTpWIV4JHHZK1\/BxbFRtf\/siA2SWTe09caDmVtYYzWEIbBS4zw==",
      "resolved" : "https:\/\/registry.npmjs.org\/has\/-\/has-1.0.3.tgz",
      "requires" : {
        "function-bind" : "^1.1.1"
      },
      "dev" : true,
      "version" : "1.0.3"
    },
    "lodash" : {
      "version" : "4.17.15",
      "resolved" : "https:\/\/registry.npmjs.org\/lodash\/-\/lodash-4.17.15.tgz",
      "integrity" : "sha512-8xOcRHvCjnocdS5cpwXQXVzmmh5e5+saE2QGoeQmbKmRS6J3VQppPOIt0MnmE+4xlZoumy0GPG0D0MVIQbNA1A=="
    },
    "resolve" : {
      "integrity" : "sha512-WL2pBDjqT6pGUNSUzMw00o4T7If+z4H2x3Gz893WoUQ5KW8Vr9txp00ykiP16VBaZF5+j\/OcXJHZ9+PCvdiDKw==",
      "resolved" : "https:\/\/registry.npmjs.org\/resolve\/-\/resolve-1.11.0.tgz",
      "requires" : {
        "path-parse" : "^1.0.6"
      },
      "dev" : true,
      "version" : "1.11.0"
    },
    "source-map" : {
      "integrity" : "sha1-igOdLRAh0i0eoUyA2OpGi6LvP8w=",
      "resolved" : "https:\/\/registry.npmjs.org\/source-map\/-\/source-map-0.5.7.tgz",
      "dev" : true,
      "version" : "0.5.7"
    },
    "shasum" : {
      "integrity" : "sha1-5wEjENj0F\/TetXEhUOVni4euVl8=",
      "resolved" : "https:\/\/registry.npmjs.org\/shasum\/-\/shasum-1.0.2.tgz",
      "requires" : {
        "json-stable-stringify" : "~0.0.0",
        "sha.js" : "~2.4.4"
      },
      "dev" : true,
      "version" : "1.0.2"
    },
    "undeclared-identifiers" : {
      "integrity" : "sha512-pJOW4nxjlmfwKApE4zvxLScM\/njmwj\/DiUBv7EabwE4O8kRUy+HIwxQtZLBPll\/jx1LJyBcqNfB3\/cpv9EZwOw==",
      "resolved" : "https:\/\/registry.npmjs.org\/undeclared-identifiers\/-\/undeclared-identifiers-1.1.3.tgz",
      "requires" : {
        "acorn-node" : "^1.3.0",
        "dash-ast" : "^1.0.0",
        "get-assigned-identifiers" : "^1.2.0",
        "simple-concat" : "^1.0.0",
        "xtend" : "^4.0.1"
      },
      "dev" : true,
      "version" : "1.1.3"
    },
    "syntax-error" : {
      "integrity" : "sha512-YPPlu67mdnHGTup2A8ff7BC2Pjq0e0Yp\/IyTFN03zWO0RcK07uLcbi7C2KpGR2FvWbaB0+bfE27a+sBKebSo7w==",
      "resolved" : "https:\/\/registry.npmjs.org\/syntax-error\/-\/syntax-error-1.4.0.tgz",
      "requires" : {
        "acorn-node" : "^1.2.0"
      },
      "dev" : true,
      "version" : "1.4.0"
    },
    "hmac-drbg" : {
      "integrity" : "sha1-0nRXAQJabHdabFRXk+1QL8DGSaE=",
      "resolved" : "https:\/\/registry.npmjs.org\/hmac-drbg\/-\/hmac-drbg-1.0.1.tgz",
      "requires" : {
        "hash.js" : "^1.0.3",
        "minimalistic-assert" : "^1.0.0",
        "minimalistic-crypto-utils" : "^1.0.1"
      },
      "dev" : true,
      "version" : "1.0.1"
    },
    "evp_bytestokey" : {
      "integrity" : "sha512-\/f2Go4TognH\/KvCISP7OUsHn85hT9nUkxxA9BEWxFn+Oj9o8ZNLm\/40hdlgSLyuOimsrTKLUMEorQexp\/aPQeA==",
      "resolved" : "https:\/\/registry.npmjs.org\/evp_bytestokey\/-\/evp_bytestokey-1.0.3.tgz",
      "requires" : {
        "safe-buffer" : "^5.1.1",
        "md5.js" : "^1.3.4"
      },
      "dev" : true,
      "version" : "1.0.3"
    },
    "punycode" : {
      "integrity" : "sha1-wNWmOycYgArY4esPpSachN1BhF4=",
      "resolved" : "https:\/\/registry.npmjs.org\/punycode\/-\/punycode-1.4.1.tgz",
      "dev" : true,
      "version" : "1.4.1"
    },
    "date-now" : {
      "integrity" : "sha1-6vQ5\/U1ISK105cx9vvIAZyueNFs=",
      "resolved" : "https:\/\/registry.npmjs.org\/date-now\/-\/date-now-0.1.4.tgz",
      "dev" : true,
      "version" : "0.1.4"
    },
    "readable-stream" : {
      "integrity" : "sha512-tQtKA9WIAhBF3+VLAseyMqZeBjW0AHJoxOtYqSUZNJxauErmLbVm2FW1y+J\/YA9dUrAC39ITejlZWhVIwawkKw==",
      "resolved" : "https:\/\/registry.npmjs.org\/readable-stream\/-\/readable-stream-2.3.6.tgz",
      "requires" : {
        "safe-buffer" : "~5.1.1",
        "inherits" : "~2.0.3",
        "util-deprecate" : "~1.0.1",
        "core-util-is" : "~1.0.0",
        "process-nextick-args" : "~2.0.0",
        "string_decoder" : "~1.1.1",
        "isarray" : "~1.0.0"
      },
      "dev" : true,
      "dependencies" : {
        "string_decoder" : {
          "integrity" : "sha512-n\/ShnvDi6FHbbVfviro+WojiFzv+s8MPMHBczVePfUpDJLwoLT0ht1l4YwBCbi8pJAveEEdnkHyPyTP\/mzRfwg==",
          "resolved" : "https:\/\/registry.npmjs.org\/string_decoder\/-\/string_decoder-1.1.1.tgz",
          "requires" : {
            "safe-buffer" : "~5.1.0"
          },
          "dev" : true,
          "version" : "1.1.1"
        }
      },
      "version" : "2.3.6"
    },
    "intersection-observer" : {
      "version" : "0.7.0",
      "resolved" : "https:\/\/registry.npmjs.org\/intersection-observer\/-\/intersection-observer-0.7.0.tgz",
      "integrity" : "sha512-Id0Fij0HsB\/vKWGeBe9PxeY45ttRiBmhFyyt\/geBdDHBYNctMRTE3dC1U3ujzz3lap+hVXlEcVaB56kZP\/eEUg=="
    },
    "util-deprecate" : {
      "integrity" : "sha1-RQ1Nyfpw3nMnYvvS1KKJgUGaDM8=",
      "resolved" : "https:\/\/registry.npmjs.org\/util-deprecate\/-\/util-deprecate-1.0.2.tgz",
      "dev" : true,
      "version" : "1.0.2"
    },
    "path-parse" : {
      "integrity" : "sha512-GSmOT2EbHrINBf9SR7CDELwlJ8AENk3Qn7OikK4nFYAu3Ote2+JYNVvkpAEQm3\/TLNEJFD\/xZJjzyxg3KBWOzw==",
      "resolved" : "https:\/\/registry.npmjs.org\/path-parse\/-\/path-parse-1.0.6.tgz",
      "dev" : true,
      "version" : "1.0.6"
    },
    "isarray" : {
      "integrity" : "sha1-u5NdSFgsuhaMBoNJV6VKPgcSTxE=",
      "resolved" : "https:\/\/registry.npmjs.org\/isarray\/-\/isarray-1.0.0.tgz",
      "dev" : true,
      "version" : "1.0.0"
    },
    "module-deps" : {
      "integrity" : "sha512-hKPmO06so6bL\/ZvqVNVqdTVO8UAYsi3tQWlCa+z9KuWhoN4KDQtb5hcqQQv58qYiDE21wIvnttZEPiDgEbpwbA==",
      "resolved" : "https:\/\/registry.npmjs.org\/module-deps\/-\/module-deps-6.2.0.tgz",
      "requires" : {
        "defined" : "^1.0.0",
        "concat-stream" : "~1.6.0",
        "resolve" : "^1.4.0",
        "parents" : "^1.0.0",
        "stream-combiner2" : "^1.1.1",
        "through2" : "^2.0.0",
        "detective" : "^5.0.2",
        "subarg" : "^1.0.0",
        "xtend" : "^4.0.0",
        "cached-path-relative" : "^1.0.0",
        "inherits" : "^2.0.1",
        "readable-stream" : "^2.0.2",
        "duplexer2" : "^0.1.2",
        "JSONStream" : "^1.0.3",
        "browser-resolve" : "^1.7.0"
      },
      "dev" : true,
      "version" : "6.2.0"
    },
    "stream-splicer" : {
      "integrity" : "sha1-G2O+Q4oTPktnHMGTUZdgAXWRDYM=",
      "resolved" : "https:\/\/registry.npmjs.org\/stream-splicer\/-\/stream-splicer-2.0.0.tgz",
      "requires" : {
        "readable-stream" : "^2.0.2",
        "inherits" : "^2.0.1"
      },
      "dev" : true,
      "version" : "2.0.0"
    },
    "stream-browserify" : {
      "integrity" : "sha512-nX6hmklHs\/gr2FuxYDltq8fJA1GDlxKQCz8O\/IM4atRqBH8OORmBNgfvW5gG10GT\/qQ9u0CzIvr2X5Pkt6ntqg==",
      "resolved" : "https:\/\/registry.npmjs.org\/stream-browserify\/-\/stream-browserify-2.0.2.tgz",
      "requires" : {
        "readable-stream" : "^2.0.2",
        "inherits" : "~2.0.1"
      },
      "dev" : true,
      "version" : "2.0.2"
    },
    "asn1.js" : {
      "integrity" : "sha512-p32cOF5q0Zqs9uBiONKYLm6BClCoBCM5O9JfeUSlnQLBTxYdTK+pW+nXflm8UkKd2UYlEbYz5qEi0JuZR9ckSw==",
      "resolved" : "https:\/\/registry.npmjs.org\/asn1.js\/-\/asn1.js-4.10.1.tgz",
      "requires" : {
        "bn.js" : "^4.0.0",
        "minimalistic-assert" : "^1.0.0",
        "inherits" : "^2.0.1"
      },
      "dev" : true,
      "version" : "4.10.1"
    },
    "randomfill" : {
      "integrity" : "sha512-87lcbR8+MhcWcUiQ+9e+Rwx8MyR2P7qnt15ynUlbm3TU\/fjbgz4GsvfSUDTemtCCtVCqb4ZcEFlyPNTh9bBTLw==",
      "resolved" : "https:\/\/registry.npmjs.org\/randomfill\/-\/randomfill-1.0.4.tgz",
      "requires" : {
        "randombytes" : "^2.0.5",
        "safe-buffer" : "^5.1.0"
      },
      "dev" : true,
      "version" : "1.0.4"
    },
    "xtend" : {
      "integrity" : "sha1-pcbVMr5lbiPbgg77lDofBJmNY68=",
      "resolved" : "https:\/\/registry.npmjs.org\/xtend\/-\/xtend-4.0.1.tgz",
      "dev" : true,
      "version" : "4.0.1"
    },
    "hash-base" : {
      "integrity" : "sha1-X8hoaEfs1zSZQDMZprCj8\/auSRg=",
      "resolved" : "https:\/\/registry.npmjs.org\/hash-base\/-\/hash-base-3.0.4.tgz",
      "requires" : {
        "safe-buffer" : "^5.0.1",
        "inherits" : "^2.0.1"
      },
      "dev" : true,
      "version" : "3.0.4"
    },
    "pbkdf2" : {
      "integrity" : "sha512-U\/il5MsrZp7mGg3mSQfn742na2T+1\/vHDCG5\/iTI3X9MKUuYUZVLQhyRsg06mCgDBTd57TxzgZt7P+fYfjRLtA==",
      "resolved" : "https:\/\/registry.npmjs.org\/pbkdf2\/-\/pbkdf2-3.0.17.tgz",
      "requires" : {
        "safe-buffer" : "^5.0.1",
        "create-hash" : "^1.1.2",
        "sha.js" : "^2.4.8",
        "ripemd160" : "^2.0.1",
        "create-hmac" : "^1.1.4"
      },
      "dev" : true,
      "version" : "3.0.17"
    },
    "combine-source-map" : {
      "integrity" : "sha1-pY0N8ELBhvz4IqjoAV9UUNLXmos=",
      "resolved" : "https:\/\/registry.npmjs.org\/combine-source-map\/-\/combine-source-map-0.8.0.tgz",
      "requires" : {
        "convert-source-map" : "~1.1.0",
        "inline-source-map" : "~0.6.0",
        "source-map" : "~0.5.3",
        "lodash.memoize" : "~3.0.3"
      },
      "dev" : true,
      "version" : "0.8.0"
    },
    "domain-browser" : {
      "integrity" : "sha512-jnjyiM6eRyZl2H+W8Q\/zLMA481hzi0eszAaBUzIVnmYVDBbnLxVNnfu1HgEBvCbL+71FrxMl3E6lpKH7Ge3OXA==",
      "resolved" : "https:\/\/registry.npmjs.org\/domain-browser\/-\/domain-browser-1.2.0.tgz",
      "dev" : true,
      "version" : "1.2.0"
    },
    "core-util-is" : {
      "integrity" : "sha1-tf1UIgqivFq1eqtxQMlAdUUDwac=",
      "resolved" : "https:\/\/registry.npmjs.org\/core-util-is\/-\/core-util-is-1.0.2.tgz",
      "dev" : true,
      "version" : "1.0.2"
    },
    "acorn" : {
      "integrity" : "sha512-jPTiwtOxaHNaAPg\/dmrJ\/beuzLRnXtB0kQPQ8JpotKJgTB6rX6c8mlf315941pyjBSaPg8NHXS9fhP4u17DpGA==",
      "resolved" : "https:\/\/registry.npmjs.org\/acorn\/-\/acorn-6.1.1.tgz",
      "dev" : true,
      "version" : "6.1.1"
    },
    "object-assign" : {
      "integrity" : "sha1-IQmtx5ZYh8\/AXLvUQsrIv7s2CGM=",
      "resolved" : "https:\/\/registry.npmjs.org\/object-assign\/-\/object-assign-4.1.1.tgz",
      "dev" : true,
      "version" : "4.1.1"
    },
    "through" : {
      "integrity" : "sha1-DdTJ\/6q8NXlgsbckEV1+Doai4fU=",
      "resolved" : "https:\/\/registry.npmjs.org\/through\/-\/through-2.3.8.tgz",
      "dev" : true,
      "version" : "2.3.8"
    },
    "url" : {
      "integrity" : "sha1-ODjpfPxgUh63PFJajlW\/3Z4uKPE=",
      "resolved" : "https:\/\/registry.npmjs.org\/url\/-\/url-0.11.0.tgz",
      "requires" : {
        "punycode" : "1.3.2",
        "querystring" : "0.2.0"
      },
      "dev" : true,
      "dependencies" : {
        "punycode" : {
          "integrity" : "sha1-llOgNvt8HuQjQvIyXM7v6jkmxI0=",
          "resolved" : "https:\/\/registry.npmjs.org\/punycode\/-\/punycode-1.3.2.tgz",
          "dev" : true,
          "version" : "1.3.2"
        }
      },
      "version" : "0.11.0"
    },
    "diffie-hellman" : {
      "integrity" : "sha512-kqag\/Nl+f3GwyK25fhUMYj81BUOrZ9IuJsjIcDE5icNM9FJHAVm3VcUDxdLPoQtTuUylWm6ZIknYJwwaPxsUzg==",
      "resolved" : "https:\/\/registry.npmjs.org\/diffie-hellman\/-\/diffie-hellman-5.0.3.tgz",
      "requires" : {
        "bn.js" : "^4.1.0",
        "miller-rabin" : "^4.0.0",
        "randombytes" : "^2.0.0"
      },
      "dev" : true,
      "version" : "5.0.3"
    },
    "querystring-es3" : {
      "integrity" : "sha1-nsYfeQSYdXB9aUFFlv2Qek1xHnM=",
      "resolved" : "https:\/\/registry.npmjs.org\/querystring-es3\/-\/querystring-es3-0.2.1.tgz",
      "dev" : true,
      "version" : "0.2.1"
    },
    "sha.js" : {
      "integrity" : "sha512-QMEp5B7cftE7APOjk5Y6xgrbWu+WkLVQwk8JNjZ8nKRciZaByEW6MubieAiToS7+dwvrjGhH8jRXz3MVd0AYqQ==",
      "resolved" : "https:\/\/registry.npmjs.org\/sha.js\/-\/sha.js-2.4.11.tgz",
      "requires" : {
        "safe-buffer" : "^5.0.1",
        "inherits" : "^2.0.1"
      },
      "dev" : true,
      "version" : "2.4.11"
    },
    "glob" : {
      "integrity" : "sha512-hkLPepehmnKk41pUGm3sYxoFs\/umurYfYJCerbXEyFIWcAzvpipAgVkBqqT9RBKMGjnq6kMuyYwha6csxbiM1A==",
      "resolved" : "https:\/\/registry.npmjs.org\/glob\/-\/glob-7.1.4.tgz",
      "requires" : {
        "minimatch" : "^3.0.4",
        "once" : "^1.3.0",
        "fs.realpath" : "^1.0.0",
        "inflight" : "^1.0.4",
        "inherits" : "2",
        "path-is-absolute" : "^1.0.0"
      },
      "dev" : true,
      "version" : "7.1.4"
    },
    "typedarray" : {
      "integrity" : "sha1-hnrHTjhkGHsdPUfZlqeOxciDB3c=",
      "resolved" : "https:\/\/registry.npmjs.org\/typedarray\/-\/typedarray-0.0.6.tgz",
      "dev" : true,
      "version" : "0.0.6"
    },
    "constants-browserify" : {
      "integrity" : "sha1-wguW2MYXdIqvHBYCF2DNJ\/y4y3U=",
      "resolved" : "https:\/\/registry.npmjs.org\/constants-browserify\/-\/constants-browserify-1.0.0.tgz",
      "dev" : true,
      "version" : "1.0.0"
    },
    "create-hash" : {
      "integrity" : "sha512-z00bCGNHDG8mHAkP7CtT1qVu+bFQUPjYq\/4Iv3C3kWjTFV10zIjfSoeqXo9Asws8gwSHDGj\/hl2u4OGIjapeCg==",
      "resolved" : "https:\/\/registry.npmjs.org\/create-hash\/-\/create-hash-1.2.0.tgz",
      "requires" : {
        "ripemd160" : "^2.0.1",
        "sha.js" : "^2.4.0",
        "cipher-base" : "^1.0.1",
        "inherits" : "^2.0.1",
        "md5.js" : "^1.3.4"
      },
      "dev" : true,
      "version" : "1.2.0"
    },
    "string_decoder" : {
      "integrity" : "sha512-6YqyX6ZWEYguAxgZzHGL7SsCeGx3V2TtOTqZz1xSTSWnqsbWwbptafNyvf\/ACquZUXV3DANr5BDIwNYe1mN42w==",
      "resolved" : "https:\/\/registry.npmjs.org\/string_decoder\/-\/string_decoder-1.2.0.tgz",
      "requires" : {
        "safe-buffer" : "~5.1.0"
      },
      "dev" : true,
      "version" : "1.2.0"
    },
    "array-reduce" : {
      "integrity" : "sha1-FziZ0\/\/Rx9k4PkR5Ul2+J4yrXys=",
      "resolved" : "https:\/\/registry.npmjs.org\/array-reduce\/-\/array-reduce-0.0.0.tgz",
      "dev" : true,
      "version" : "0.0.0"
    },
    "dash-ast" : {
      "integrity" : "sha512-Vy4dx7gquTeMcQR\/hDkYLGUnwVil6vk4FOOct+djUnHOUWt+zJPJAaRIXaAFkPXtJjvlY7o3rfRu0\/3hpnwoUA==",
      "resolved" : "https:\/\/registry.npmjs.org\/dash-ast\/-\/dash-ast-1.0.0.tgz",
      "dev" : true,
      "version" : "1.0.0"
    },
    "base64-js" : {
      "integrity" : "sha512-ccav\/yGvoa80BQDljCxsmmQ3Xvx60\/UpBIij5QN21W3wBi\/hhIC9OoO+KLpu9IJTS9j4DRVJ3aDDF9cMSoa2lw==",
      "resolved" : "https:\/\/registry.npmjs.org\/base64-js\/-\/base64-js-1.3.0.tgz",
      "dev" : true,
      "version" : "1.3.0"
    },
    "lodash-es" : {
      "version" : "4.17.11",
      "resolved" : "https:\/\/registry.npmjs.org\/lodash-es\/-\/lodash-es-4.17.11.tgz",
      "integrity" : "sha512-DHb1ub+rMjjrxqlB3H56\/6MXtm1lSksDp2rA2cNWjG8mlDUYFhUj3Di2Zn5IwSU87xLv8tNIQ7sSwE\/YOX\/D\/Q=="
    },
    "acorn-walk" : {
      "integrity" : "sha512-OtUw6JUTgxA2QoqqmrmQ7F2NYqiBPi\/L2jqHyFtllhOUvXYQXf0Z1CYUinIfyT4bTCGmrA7gX9FvHA81uzCoVw==",
      "resolved" : "https:\/\/registry.npmjs.org\/acorn-walk\/-\/acorn-walk-6.1.1.tgz",
      "dev" : true,
      "version" : "6.1.1"
    },
    "acorn-node" : {
      "integrity" : "sha512-rIhNEZuNI8ibQcL7ANm\/mGyPukIaZsRNX9psFNQURyJW0nu6k8wjSDld20z6v2mDBWqX13pIEnk9gGZJHIlEXg==",
      "resolved" : "https:\/\/registry.npmjs.org\/acorn-node\/-\/acorn-node-1.6.2.tgz",
      "requires" : {
        "acorn" : "^6.0.2",
        "acorn-dynamic-import" : "^4.0.0",
        "acorn-walk" : "^6.1.0",
        "xtend" : "^4.0.1"
      },
      "dev" : true,
      "version" : "1.6.2"
    },
    "babelify" : {
      "integrity" : "sha512-X40FaxyH7t3X+JFAKvb1H9wooWKLRCi8pg3m8poqtdZaIng+bjzp9RvKQCvRjF9isHiPkXspbbXT\/zwXLtwgwg==",
      "resolved" : "https:\/\/registry.npmjs.org\/babelify\/-\/babelify-10.0.0.tgz",
      "dev" : true,
      "version" : "10.0.0"
    },
    "process-nextick-args" : {
      "integrity" : "sha512-MtEC1TqN0EU5nephaJ4rAtThHtC86dNN9qCuEhtshvpVBkAW5ZO7BASN9REnF9eoXGcRub+pFuKEpOHE+HbEMw==",
      "resolved" : "https:\/\/registry.npmjs.org\/process-nextick-args\/-\/process-nextick-args-2.0.0.tgz",
      "dev" : true,
      "version" : "2.0.0"
    },
    "browser-pack" : {
      "integrity" : "sha512-erYug8XoqzU3IfcU8fUgyHqyOXqIE4tUTTQ+7mqUjQlvnXkOO6OlT9c\/ZoJVHYoAaqGxr09CN53G7XIsO4KtWA==",
      "resolved" : "https:\/\/registry.npmjs.org\/browser-pack\/-\/browser-pack-6.1.0.tgz",
      "requires" : {
        "defined" : "^1.0.0",
        "JSONStream" : "^1.0.3",
        "through2" : "^2.0.0",
        "umd" : "^3.0.0",
        "combine-source-map" : "~0.8.0",
        "safe-buffer" : "^5.1.1"
      },
      "dev" : true,
      "version" : "6.1.0"
    },
    "json-stable-stringify" : {
      "integrity" : "sha1-YRwj6BTbN1Un34URk9tZ3Sryf0U=",
      "resolved" : "https:\/\/registry.npmjs.org\/json-stable-stringify\/-\/json-stable-stringify-0.0.1.tgz",
      "requires" : {
        "jsonify" : "~0.0.0"
      },
      "dev" : true,
      "version" : "0.0.1"
    },
    "stream-http" : {
      "integrity" : "sha512-+TSkfINHDo4J+ZobQLWiMouQYB+UVYFttRA94FpEzzJ7ZdqcL4uUUQ7WkdkI4DSozGmgBUE\/a47L+38PenXhUw==",
      "resolved" : "https:\/\/registry.npmjs.org\/stream-http\/-\/stream-http-2.8.3.tgz",
      "requires" : {
        "readable-stream" : "^2.3.6",
        "to-arraybuffer" : "^1.0.0",
        "builtin-status-codes" : "^3.0.0",
        "inherits" : "^2.0.1",
        "xtend" : "^4.0.0"
      },
      "dev" : true,
      "version" : "2.8.3"
    },
    "fs.realpath" : {
      "integrity" : "sha1-FQStJSMVjKpA20onh8sBQRmU6k8=",
      "resolved" : "https:\/\/registry.npmjs.org\/fs.realpath\/-\/fs.realpath-1.0.0.tgz",
      "dev" : true,
      "version" : "1.0.0"
    },
    "md5.js" : {
      "integrity" : "sha512-xitP+WxNPcTTOgnTJcrhM0xvdPepipPSf3I8EIpGKeFLjt3PlJLIDG3u8EX53ZIubkb+5U2+3rELYpEhHhzdkg==",
      "resolved" : "https:\/\/registry.npmjs.org\/md5.js\/-\/md5.js-1.3.5.tgz",
      "requires" : {
        "inherits" : "^2.0.1",
        "safe-buffer" : "^5.1.2",
        "hash-base" : "^3.0.0"
      },
      "dev" : true,
      "version" : "1.3.5"
    },
    "pako" : {
      "integrity" : "sha512-0DTvPVU3ed8+HNXOu5Bs+o\/\/Mbdj9VNQMUOe9oKCwh8l0GNwpTDMKCWbRjgtD291AWnkAgkqA\/LOnQS8AmS1tw==",
      "resolved" : "https:\/\/registry.npmjs.org\/pako\/-\/pako-1.0.10.tgz",
      "dev" : true,
      "version" : "1.0.10"
    },
    "minimalistic-crypto-utils" : {
      "integrity" : "sha1-9sAMHAsIIkblxNmd+4x8CDsrWCo=",
      "resolved" : "https:\/\/registry.npmjs.org\/minimalistic-crypto-utils\/-\/minimalistic-crypto-utils-1.0.1.tgz",
      "dev" : true,
      "version" : "1.0.1"
    },
    "brorand" : {
      "integrity" : "sha1-EsJe\/kCkXjwyPrhnWgoM5XsiNx8=",
      "resolved" : "https:\/\/registry.npmjs.org\/brorand\/-\/brorand-1.1.0.tgz",
      "dev" : true,
      "version" : "1.1.0"
    },
    "mkdirp" : {
      "integrity" : "sha1-MAV0OOrGz3+MR2fzhkjWaX11yQM=",
      "resolved" : "https:\/\/registry.npmjs.org\/mkdirp\/-\/mkdirp-0.5.1.tgz",
      "requires" : {
        "minimist" : "0.0.8"
      },
      "dev" : true,
      "dependencies" : {
        "minimist" : {
          "integrity" : "sha1-hX\/Kv8M5fSYluCKCYuhqp6ARsF0=",
          "resolved" : "https:\/\/registry.npmjs.org\/minimist\/-\/minimist-0.0.8.tgz",
          "dev" : true,
          "version" : "0.0.8"
        }
      },
      "version" : "0.5.1"
    },
    "create-hmac" : {
      "integrity" : "sha512-MJG9liiZ+ogc4TzUwuvbER1JRdgvUFSB5+VR\/g5h82fGaIRWMWddtKBHi7\/sVhfjQZ6SehlyhvQYrcYkaUIpLg==",
      "resolved" : "https:\/\/registry.npmjs.org\/create-hmac\/-\/create-hmac-1.1.7.tgz",
      "requires" : {
        "safe-buffer" : "^5.0.1",
        "sha.js" : "^2.4.8",
        "create-hash" : "^1.1.0",
        "cipher-base" : "^1.0.3",
        "inherits" : "^2.0.1",
        "ripemd160" : "^2.0.0"
      },
      "dev" : true,
      "version" : "1.1.7"
    },
    "convert-source-map" : {
      "integrity" : "sha1-SCnId+n+SbMWHzvzZziI4gRpmGA=",
      "resolved" : "https:\/\/registry.npmjs.org\/convert-source-map\/-\/convert-source-map-1.1.3.tgz",
      "dev" : true,
      "version" : "1.1.3"
    },
    "browserify-cipher" : {
      "integrity" : "sha512-sPhkz0ARKbf4rRQt2hTpAHqn47X3llLkUGn+xEJzLjwY8LRs2p0v7ljvI5EyoRO\/mexrNunNECisZs+gw2zz1w==",
      "resolved" : "https:\/\/registry.npmjs.org\/browserify-cipher\/-\/browserify-cipher-1.0.1.tgz",
      "requires" : {
        "evp_bytestokey" : "^1.0.0",
        "browserify-aes" : "^1.0.4",
        "browserify-des" : "^1.0.0"
      },
      "dev" : true,
      "version" : "1.0.1"
    },
    "inflight" : {
      "integrity" : "sha1-Sb1jMdfQLQwJvJEKEHW6gWW1bfk=",
      "resolved" : "https:\/\/registry.npmjs.org\/inflight\/-\/inflight-1.0.6.tgz",
      "requires" : {
        "wrappy" : "1",
        "once" : "^1.3.0"
      },
      "dev" : true,
      "version" : "1.0.6"
    },
    "minimist" : {
      "integrity" : "sha1-o1AIsg9BOD7sH7kU9M1d95omQoQ=",
      "resolved" : "https:\/\/registry.npmjs.org\/minimist\/-\/minimist-1.2.0.tgz",
      "dev" : true,
      "version" : "1.2.0"
    },
    "duplexer2" : {
      "integrity" : "sha1-ixLauHjA1p4+eJEFFmKjL8a93ME=",
      "resolved" : "https:\/\/registry.npmjs.org\/duplexer2\/-\/duplexer2-0.1.4.tgz",
      "requires" : {
        "readable-stream" : "^2.0.2"
      },
      "dev" : true,
      "version" : "0.1.4"
    },
    "wrappy" : {
      "integrity" : "sha1-tSQ9jz7BqjXxNkYFvA0QNuMKtp8=",
      "resolved" : "https:\/\/registry.npmjs.org\/wrappy\/-\/wrappy-1.0.2.tgz",
      "dev" : true,
      "version" : "1.0.2"
    },
    "cipher-base" : {
      "integrity" : "sha512-Kkht5ye6ZGmwv40uUDZztayT2ThLQGfnj\/T71N\/XzeZeo3nf8foyW7zGTsPYkEya3m5f3cAypH+qe7YOrM1U2Q==",
      "resolved" : "https:\/\/registry.npmjs.org\/cipher-base\/-\/cipher-base-1.0.4.tgz",
      "requires" : {
        "safe-buffer" : "^5.0.1",
        "inherits" : "^2.0.1"
      },
      "dev" : true,
      "version" : "1.0.4"
    },
    "get-assigned-identifiers" : {
      "integrity" : "sha512-mBBwmeGTrxEMO4pMaaf\/uUEFHnYtwr8FTe8Y\/mer4rcV\/bye0qGm6pw1bGZFGStxC5O76c5ZAVBGnqHmOaJpdQ==",
      "resolved" : "https:\/\/registry.npmjs.org\/get-assigned-identifiers\/-\/get-assigned-identifiers-1.2.0.tgz",
      "dev" : true,
      "version" : "1.2.0"
    },
    "ieee754" : {
      "integrity" : "sha512-4vf7I2LYV\/HaWerSo3XmlMkp5eZ83i+\/CDluXi\/IGTs\/O1sejBNhTtnxzmRZfvOUqj7lZjqHkeTvpgSFDlWZTg==",
      "resolved" : "https:\/\/registry.npmjs.org\/ieee754\/-\/ieee754-1.1.13.tgz",
      "dev" : true,
      "version" : "1.1.13"
    },
    "process" : {
      "integrity" : "sha1-czIwDoQBYb2j5podHZGn1LwW8YI=",
      "resolved" : "https:\/\/registry.npmjs.org\/process\/-\/process-0.11.10.tgz",
      "dev" : true,
      "version" : "0.11.10"
    },
    "shell-quote" : {
      "integrity" : "sha1-9HgZSczkAmlxJ0MOo7PFR29IF2c=",
      "resolved" : "https:\/\/registry.npmjs.org\/shell-quote\/-\/shell-quote-1.6.1.tgz",
      "requires" : {
        "array-reduce" : "~0.0.0",
        "jsonify" : "~0.0.0",
        "array-map" : "~0.0.0",
        "array-filter" : "~0.0.0"
      },
      "dev" : true,
      "version" : "1.6.1"
    },
    "inherits" : {
      "integrity" : "sha1-Yzwsg+PaQqUC9SRmAiSA9CCCYd4=",
      "resolved" : "https:\/\/registry.npmjs.org\/inherits\/-\/inherits-2.0.3.tgz",
      "dev" : true,
      "version" : "2.0.3"
    },
    "create-ecdh" : {
      "integrity" : "sha512-GbEHQPMOswGpKXM9kCWVrremUcBmjteUaQ01T9rkKCPDXfUHX0IoP9LpHYo2NPFampa4e+\/pFDc3jQdxrxQLaw==",
      "resolved" : "https:\/\/registry.npmjs.org\/create-ecdh\/-\/create-ecdh-4.0.3.tgz",
      "requires" : {
        "bn.js" : "^4.1.0",
        "elliptic" : "^6.0.0"
      },
      "dev" : true,
      "version" : "4.0.3"
    },
    "elliptic" : {
      "integrity" : "sha512-BsXLz5sqX8OHcsh7CqBMztyXARmGQ3LWPtGjJi6DiJHq5C\/qvi9P3OqgswKSDftbu8+IoI\/QDTAm2fFnQ9SZSQ==",
      "resolved" : "https:\/\/registry.npmjs.org\/elliptic\/-\/elliptic-6.4.1.tgz",
      "requires" : {
        "bn.js" : "^4.4.0",
        "hash.js" : "^1.0.0",
        "inherits" : "^2.0.1",
        "minimalistic-assert" : "^1.0.0",
        "minimalistic-crypto-utils" : "^1.0.0",
        "hmac-drbg" : "^1.0.0",
        "brorand" : "^1.0.1"
      },
      "dev" : true,
      "version" : "6.4.1"
    },
    "hash.js" : {
      "integrity" : "sha512-taOaskGt4z4SOANNseOviYDvjEJinIkRgmp7LbKP2YTTmVxWBl87s\/uzK9r+44BclBSp2X7K1hqeNfz9JbBeXA==",
      "resolved" : "https:\/\/registry.npmjs.org\/hash.js\/-\/hash.js-1.1.7.tgz",
      "requires" : {
        "minimalistic-assert" : "^1.0.1",
        "inherits" : "^2.0.3"
      },
      "dev" : true,
      "version" : "1.1.7"
    },
    "once" : {
      "integrity" : "sha1-WDsap3WWHUsROsF9nFC6753Xa9E=",
      "resolved" : "https:\/\/registry.npmjs.org\/once\/-\/once-1.4.0.tgz",
      "requires" : {
        "wrappy" : "1"
      },
      "dev" : true,
      "version" : "1.4.0"
    },
    "lodash.memoize" : {
      "integrity" : "sha1-LcvSwofLwKVcxCMovQxzYVDVPj8=",
      "resolved" : "https:\/\/registry.npmjs.org\/lodash.memoize\/-\/lodash.memoize-3.0.4.tgz",
      "dev" : true,
      "version" : "3.0.4"
    },
    "inline-source-map" : {
      "integrity" : "sha1-+Tk0ccGKedFyT4Y\/o4tYY3Ct4qU=",
      "resolved" : "https:\/\/registry.npmjs.org\/inline-source-map\/-\/inline-source-map-0.6.2.tgz",
      "requires" : {
        "source-map" : "~0.5.3"
      },
      "dev" : true,
      "version" : "0.6.2"
    },
    "console-browserify" : {
      "integrity" : "sha1-8CQcRXMKn8YyOyBtvzjtx0HQuxA=",
      "resolved" : "https:\/\/registry.npmjs.org\/console-browserify\/-\/console-browserify-1.1.0.tgz",
      "requires" : {
        "date-now" : "^0.1.4"
      },
      "dev" : true,
      "version" : "1.1.0"
    },
    "public-encrypt" : {
      "integrity" : "sha512-zVpa8oKZSz5bTMTFClc1fQOnyyEzpl5ozpi1B5YcvBrdohMjH2rfsBtyXcuNuwjsDIXmBYlF2N5FlJYhR29t8Q==",
      "resolved" : "https:\/\/registry.npmjs.org\/public-encrypt\/-\/public-encrypt-4.0.3.tgz",
      "requires" : {
        "safe-buffer" : "^5.1.2",
        "parse-asn1" : "^5.0.0",
        "browserify-rsa" : "^4.0.0",
        "create-hash" : "^1.1.0",
        "randombytes" : "^2.0.1",
        "bn.js" : "^4.1.0"
      },
      "dev" : true,
      "version" : "4.0.3"
    },
    "jsonify" : {
      "integrity" : "sha1-LHS27kHZPKUbe1qu6PUDYx0lKnM=",
      "resolved" : "https:\/\/registry.npmjs.org\/jsonify\/-\/jsonify-0.0.0.tgz",
      "dev" : true,
      "version" : "0.0.0"
    },
    "stream-combiner2" : {
      "integrity" : "sha1-+02KFCDqNidk4hrUeAOXvry0HL4=",
      "resolved" : "https:\/\/registry.npmjs.org\/stream-combiner2\/-\/stream-combiner2-1.1.1.tgz",
      "requires" : {
        "duplexer2" : "~0.1.0",
        "readable-stream" : "^2.0.2"
      },
      "dev" : true,
      "version" : "1.1.1"
    },
    "htmlescape" : {
      "integrity" : "sha1-OgPtwiFLyjtmQko+eVk0lQnLA1E=",
      "resolved" : "https:\/\/registry.npmjs.org\/htmlescape\/-\/htmlescape-1.1.1.tgz",
      "dev" : true,
      "version" : "1.1.1"
    }
  },
  "version" : "1.0.0"
}